
Microsoft Visual Studio Solution File, Format Version 12.00
# Visual Studio Version 17
VisualStudioVersion = 17.4.33213.308
MinimumVisualStudioVersion = 10.0.40219.1
Project("{9A19103F-16F7-4668-BE54-9A1E7A4F7556}") = "Observer.Domain", "Observer.Domain\Observer.Domain.csproj", "{BDC83966-B367-4459-AA9B-A9D06E968061}"
EndProject
Project("{9A19103F-16F7-4668-BE54-9A1E7A4F7556}") = "Observer.Infrastructure", "Observer.Infrastructure\Observer.Infrastructure.csproj", "{22D4543B-03FB-4C9C-8996-E60829D4FFE6}"
EndProject
Project("{9A19103F-16F7-4668-BE54-9A1E7A4F7556}") = "Observer.Application", "Observer.Application\Observer.Application.csproj", "{EFCE5491-2FE7-45E9-9CE1-0B77D69C9E19}"
EndProject
Project("{9A19103F-16F7-4668-BE54-9A1E7A4F7556}") = "Observer.Sandbox", "Observer.Sandbox\Observer.Sandbox.csproj", "{A331B8D4-A9CE-43D4-91C4-02DFB4F10846}"
EndProject
Project("{FAE04EC0-301F-11D3-BF4B-00C04F79EFBC}") = "Observer.WebApi", "Observer.WebApi\Observer.WebApi.csproj", "{FF71DE97-3462-4E64-AE55-B863CC357AD0}"
EndProject
Global
	GlobalSection(SolutionConfigurationPlatforms) = preSolution
		Debug|Any CPU = Debug|Any CPU
		Release|Any CPU = Release|Any CPU
	EndGlobalSection
	GlobalSection(ProjectConfigurationPlatforms) = postSolution
		{BDC83966-B367-4459-AA9B-A9D06E968061}.Debug|Any CPU.ActiveCfg = Debug|Any CPU
		{BDC83966-B367-4459-AA9B-A9D06E968061}.Debug|Any CPU.Build.0 = Debug|Any CPU
		{BDC83966-B367-4459-AA9B-A9D06E968061}.Release|Any CPU.ActiveCfg = Release|Any CPU
		{BDC83966-B367-4459-AA9B-A9D06E968061}.Release|Any CPU.Build.0 = Release|Any CPU
		{22D4543B-03FB-4C9C-8996-E60829D4FFE6}.Debug|Any CPU.ActiveCfg = Debug|Any CPU
		{22D4543B-03FB-4C9C-8996-E60829D4FFE6}.Debug|Any CPU.Build.0 = Debug|Any CPU
		{22D4543B-03FB-4C9C-8996-E60829D4FFE6}.Release|Any CPU.ActiveCfg = Release|Any CPU
		{22D4543B-03FB-4C9C-8996-E60829D4FFE6}.Release|Any CPU.Build.0 = Release|Any CPU
		{EFCE5491-2FE7-45E9-9CE1-0B77D69C9E19}.Debug|Any CPU.ActiveCfg = Debug|Any CPU
		{EFCE5491-2FE7-45E9-9CE1-0B77D69C9E19}.Debug|Any CPU.Build.0 = Debug|Any CPU
		{EFCE5491-2FE7-45E9-9CE1-0B77D69C9E19}.Release|Any CPU.ActiveCfg = Release|Any CPU
		{EFCE5491-2FE7-45E9-9CE1-0B77D69C9E19}.Release|Any CPU.Build.0 = Release|Any CPU
		{A331B8D4-A9CE-43D4-91C4-02DFB4F10846}.Debug|Any CPU.ActiveCfg = Debug|Any CPU
		{A331B8D4-A9CE-43D4-91C4-02DFB4F10846}.Debug|Any CPU.Build.0 = Debug|Any CPU
		{A331B8D4-A9CE-43D4-91C4-02DFB4F10846}.Release|Any CPU.ActiveCfg = Release|Any CPU
		{A331B8D4-A9CE-43D4-91C4-02DFB4F10846}.Release|Any CPU.Build.0 = Release|Any CPU
		{FF71DE97-3462-4E64-AE55-B863CC357AD0}.Debug|Any CPU.ActiveCfg = Debug|Any CPU
		{FF71DE97-3462-4E64-AE55-B863CC357AD0}.Debug|Any CPU.Build.0 = Debug|Any CPU
		{FF71DE97-3462-4E64-AE55-B863CC357AD0}.Release|Any CPU.ActiveCfg = Release|Any CPU
		{FF71DE97-3462-4E64-AE55-B863CC357AD0}.Release|Any CPU.Build.0 = Release|Any CPU
	EndGlobalSection
	GlobalSection(SolutionProperties) = preSolution
		HideSolutionNode = FALSE
	EndGlobalSection
	GlobalSection(ExtensibilityGlobals) = postSolution
		SolutionGuid = {1B322EDB-09D9-4026-93EC-8E4497FFC004}
	EndGlobalSection
EndGlobal
